
Microsoft Visual Studio Solution File, Format Version 12.00
# Visual Studio Version 16
VisualStudioVersion = 16.0.30011.22
MinimumVisualStudioVersion = 10.0.40219.1
Project("{9A19103F-16F7-4668-BE54-9A1E7A4F7556}") = "Uncapsulator", "src\Uncapsulator.csproj", "{484FFE4B-B895-4B19-8E95-E6B1E9AC41C1}"
EndProject
Project("{2150E333-8FDC-42A3-9474-1A3956D46DE8}") = "Solution Items", "Solution Items", "{08842C7E-D165-444B-882B-95D9B87695AE}"
	ProjectSection(SolutionItems) = preProject
		.editorconfig = .editorconfig
		LICENSE = LICENSE
		readme.md = readme.md
	EndProjectSection
EndProject
Project("{9A19103F-16F7-4668-BE54-9A1E7A4F7556}") = "Tests", "Tests\Tests.csproj", "{446D1E52-2DDF-46E6-B5C3-75BCFD94145D}"
EndProject
Global
	GlobalSection(SolutionConfigurationPlatforms) = preSolution
		Debug|Any CPU = Debug|Any CPU
		Release|Any CPU = Release|Any CPU
	EndGlobalSection
	GlobalSection(ProjectConfigurationPlatforms) = postSolution
		{484FFE4B-B895-4B19-8E95-E6B1E9AC41C1}.Debug|Any CPU.ActiveCfg = Debug|Any CPU
		{484FFE4B-B895-4B19-8E95-E6B1E9AC41C1}.Debug|Any CPU.Build.0 = Debug|Any CPU
		{484FFE4B-B895-4B19-8E95-E6B1E9AC41C1}.Release|Any CPU.ActiveCfg = Release|Any CPU
		{484FFE4B-B895-4B19-8E95-E6B1E9AC41C1}.Release|Any CPU.Build.0 = Release|Any CPU
		{446D1E52-2DDF-46E6-B5C3-75BCFD94145D}.Debug|Any CPU.ActiveCfg = Debug|Any CPU
		{446D1E52-2DDF-46E6-B5C3-75BCFD94145D}.Debug|Any CPU.Build.0 = Debug|Any CPU
		{446D1E52-2DDF-46E6-B5C3-75BCFD94145D}.Release|Any CPU.ActiveCfg = Release|Any CPU
		{446D1E52-2DDF-46E6-B5C3-75BCFD94145D}.Release|Any CPU.Build.0 = Release|Any CPU
	EndGlobalSection
	GlobalSection(SolutionProperties) = preSolution
		HideSolutionNode = FALSE
	EndGlobalSection
	GlobalSection(ExtensibilityGlobals) = postSolution
		SolutionGuid = {2404FDBB-5421-4EA4-AFE0-A12FD8F3D2F2}
	EndGlobalSection
EndGlobal
